
Microsoft Visual Studio Solution File, Format Version 12.00
# Visual Studio Version 17
VisualStudioVersion = 17.5.33209.295
MinimumVisualStudioVersion = 10.0.40219.1
Project("{FAE04EC0-301F-11D3-BF4B-00C04F79EFBC}") = "GitHubPages-Blazor-Test", "GitHubPages-Blazor-Test\GitHubPages-Blazor-Test.csproj", "{4B667945-96EB-45B0-8C3C-2999899CA6D8}"
EndProject
Global
	GlobalSection(SolutionConfigurationPlatforms) = preSolution
		Debug|Any CPU = Debug|Any CPU
		Release|Any CPU = Release|Any CPU
	EndGlobalSection
	GlobalSection(ProjectConfigurationPlatforms) = postSolution
		{4B667945-96EB-45B0-8C3C-2999899CA6D8}.Debug|Any CPU.ActiveCfg = Debug|Any CPU
		{4B667945-96EB-45B0-8C3C-2999899CA6D8}.Debug|Any CPU.Build.0 = Debug|Any CPU
		{4B667945-96EB-45B0-8C3C-2999899CA6D8}.Release|Any CPU.ActiveCfg = Release|Any CPU
		{4B667945-96EB-45B0-8C3C-2999899CA6D8}.Release|Any CPU.Build.0 = Release|Any CPU
	EndGlobalSection
	GlobalSection(SolutionProperties) = preSolution
		HideSolutionNode = FALSE
	EndGlobalSection
	GlobalSection(ExtensibilityGlobals) = postSolution
		SolutionGuid = {6F239F8F-9394-4605-95CA-3CD2465AE2CC}
	EndGlobalSection
EndGlobal
